
Microsoft Visual Studio Solution File, Format Version 12.00
# Visual Studio Version 16
VisualStudioVersion = 16.0.31729.503
MinimumVisualStudioVersion = 10.0.40219.1
Project("{9A19103F-16F7-4668-BE54-9A1E7A4F7556}") = "TreeSqlParser", "TreeSqlParser\TreeSqlParser.csproj", "{1933CB78-48E2-4F0E-8C81-B5F4F62C48B8}"
EndProject
Project("{9A19103F-16F7-4668-BE54-9A1E7A4F7556}") = "TreeSqlParser.Test", "TreeSqlParser.Test\TreeSqlParser.Test.csproj", "{2DE11F69-62D5-4C07-BD94-C88C54ECADD1}"
EndProject
Global
	GlobalSection(SolutionConfigurationPlatforms) = preSolution
		Debug|Any CPU = Debug|Any CPU
		Release|Any CPU = Release|Any CPU
	EndGlobalSection
	GlobalSection(ProjectConfigurationPlatforms) = postSolution
		{1933CB78-48E2-4F0E-8C81-B5F4F62C48B8}.Debug|Any CPU.ActiveCfg = Debug|Any CPU
		{1933CB78-48E2-4F0E-8C81-B5F4F62C48B8}.Debug|Any CPU.Build.0 = Debug|Any CPU
		{1933CB78-48E2-4F0E-8C81-B5F4F62C48B8}.Release|Any CPU.ActiveCfg = Release|Any CPU
		{1933CB78-48E2-4F0E-8C81-B5F4F62C48B8}.Release|Any CPU.Build.0 = Release|Any CPU
		{2DE11F69-62D5-4C07-BD94-C88C54ECADD1}.Debug|Any CPU.ActiveCfg = Debug|Any CPU
		{2DE11F69-62D5-4C07-BD94-C88C54ECADD1}.Debug|Any CPU.Build.0 = Debug|Any CPU
		{2DE11F69-62D5-4C07-BD94-C88C54ECADD1}.Release|Any CPU.ActiveCfg = Release|Any CPU
		{2DE11F69-62D5-4C07-BD94-C88C54ECADD1}.Release|Any CPU.Build.0 = Release|Any CPU
	EndGlobalSection
	GlobalSection(SolutionProperties) = preSolution
		HideSolutionNode = FALSE
	EndGlobalSection
	GlobalSection(ExtensibilityGlobals) = postSolution
		SolutionGuid = {7C201BC2-7B5F-424E-8957-965D945BC97E}
	EndGlobalSection
EndGlobal
